
Microsoft Visual Studio Solution File, Format Version 12.00
# Visual Studio 2013
VisualStudioVersion = 12.0.31101.0
MinimumVisualStudioVersion = 10.0.40219.1
Project("{FAE04EC0-301F-11D3-BF4B-00C04F79EFBC}") = "Query.ts", "Query.ts\Query.ts.csproj", "{F08ECCA2-A16B-4838-B4E2-1A44C7667F99}"
EndProject
Global
	GlobalSection(SolutionConfigurationPlatforms) = preSolution
		Debug|Any CPU = Debug|Any CPU
		Release|Any CPU = Release|Any CPU
	EndGlobalSection
	GlobalSection(ProjectConfigurationPlatforms) = postSolution
		{F08ECCA2-A16B-4838-B4E2-1A44C7667F99}.Debug|Any CPU.ActiveCfg = Debug|Any CPU
		{F08ECCA2-A16B-4838-B4E2-1A44C7667F99}.Debug|Any CPU.Build.0 = Debug|Any CPU
		{F08ECCA2-A16B-4838-B4E2-1A44C7667F99}.Release|Any CPU.ActiveCfg = Release|Any CPU
		{F08ECCA2-A16B-4838-B4E2-1A44C7667F99}.Release|Any CPU.Build.0 = Release|Any CPU
	EndGlobalSection
	GlobalSection(SolutionProperties) = preSolution
		HideSolutionNode = FALSE
	EndGlobalSection
EndGlobal
